
Microsoft Visual Studio Solution File, Format Version 12.00
# Visual Studio 14
VisualStudioVersion = 14.0.25420.1
MinimumVisualStudioVersion = 10.0.40219.1
Project("{FAE04EC0-301F-11D3-BF4B-00C04F79EFBC}") = "A2 Reg-A-Lot 2017", "A2 Reg-A-Lot 2017\A2 Reg-A-Lot 2017.csproj", "{7EFFDDCB-4125-4EE9-8F9C-2656EB9FE8C4}"
EndProject
Project("{FAE04EC0-301F-11D3-BF4B-00C04F79EFBC}") = "A2 Reg-A-Lot 2017 DBOQuery", "A2 Reg-A-Lot 2017 DBOQuery\A2 Reg-A-Lot 2017 DBOQuery.csproj", "{8047B17D-D16B-4167-8FCA-FCB4ABF4F64A}"
EndProject
Project("{FAE04EC0-301F-11D3-BF4B-00C04F79EFBC}") = "DBOQuery - Testing", "DBOQuery - Testing\DBOQuery - Testing.csproj", "{915E1E34-E8B8-4656-84DF-008591AA8972}"
EndProject
Project("{FAE04EC0-301F-11D3-BF4B-00C04F79EFBC}") = "Reg-A-Lot-Class Library", "Reg-A-Lot-Class Library\Reg-A-Lot-Class Library.csproj", "{24EA34A8-9F08-4180-A242-F1FDFCA604B8}"
EndProject
Global
	GlobalSection(SolutionConfigurationPlatforms) = preSolution
		Debug|Any CPU = Debug|Any CPU
		Release|Any CPU = Release|Any CPU
	EndGlobalSection
	GlobalSection(ProjectConfigurationPlatforms) = postSolution
		{7EFFDDCB-4125-4EE9-8F9C-2656EB9FE8C4}.Debug|Any CPU.ActiveCfg = Debug|Any CPU
		{7EFFDDCB-4125-4EE9-8F9C-2656EB9FE8C4}.Debug|Any CPU.Build.0 = Debug|Any CPU
		{7EFFDDCB-4125-4EE9-8F9C-2656EB9FE8C4}.Release|Any CPU.ActiveCfg = Release|Any CPU
		{7EFFDDCB-4125-4EE9-8F9C-2656EB9FE8C4}.Release|Any CPU.Build.0 = Release|Any CPU
		{8047B17D-D16B-4167-8FCA-FCB4ABF4F64A}.Debug|Any CPU.ActiveCfg = Debug|Any CPU
		{8047B17D-D16B-4167-8FCA-FCB4ABF4F64A}.Debug|Any CPU.Build.0 = Debug|Any CPU
		{8047B17D-D16B-4167-8FCA-FCB4ABF4F64A}.Release|Any CPU.ActiveCfg = Release|Any CPU
		{8047B17D-D16B-4167-8FCA-FCB4ABF4F64A}.Release|Any CPU.Build.0 = Release|Any CPU
		{915E1E34-E8B8-4656-84DF-008591AA8972}.Debug|Any CPU.ActiveCfg = Debug|Any CPU
		{915E1E34-E8B8-4656-84DF-008591AA8972}.Debug|Any CPU.Build.0 = Debug|Any CPU
		{915E1E34-E8B8-4656-84DF-008591AA8972}.Release|Any CPU.ActiveCfg = Release|Any CPU
		{915E1E34-E8B8-4656-84DF-008591AA8972}.Release|Any CPU.Build.0 = Release|Any CPU
		{24EA34A8-9F08-4180-A242-F1FDFCA604B8}.Debug|Any CPU.ActiveCfg = Debug|Any CPU
		{24EA34A8-9F08-4180-A242-F1FDFCA604B8}.Debug|Any CPU.Build.0 = Debug|Any CPU
		{24EA34A8-9F08-4180-A242-F1FDFCA604B8}.Release|Any CPU.ActiveCfg = Release|Any CPU
		{24EA34A8-9F08-4180-A242-F1FDFCA604B8}.Release|Any CPU.Build.0 = Release|Any CPU
	EndGlobalSection
	GlobalSection(SolutionProperties) = preSolution
		HideSolutionNode = FALSE
	EndGlobalSection
EndGlobal
